
Microsoft Visual Studio Solution File, Format Version 12.00
# Visual Studio Version 16
VisualStudioVersion = 16.0.29806.167
MinimumVisualStudioVersion = 10.0.40219.1
Project("{FAE04EC0-301F-11D3-BF4B-00C04F79EFBC}") = "master_gestor", "master_gestor\master_gestor.csproj", "{B5381E73-1CD6-478D-A177-0B59C905A0F5}"
EndProject
Project("{FAE04EC0-301F-11D3-BF4B-00C04F79EFBC}") = "master_gestor_classes", "master_gestor_classes\master_gestor_classes.csproj", "{1C8CBC1A-6649-4434-9BC3-F7B54666562C}"
EndProject
Project("{FAE04EC0-301F-11D3-BF4B-00C04F79EFBC}") = "Gestor", "Gestor\Gestor.csproj", "{FF690D75-8F95-4AE9-8DF9-E8EE67F9E75D}"
EndProject
Project("{FAE04EC0-301F-11D3-BF4B-00C04F79EFBC}") = "e-gestor", "e-gestor\e-gestor.csproj", "{148A7C8F-06BA-4693-9D7F-7914BDA64CA7}"
EndProject
Global
	GlobalSection(SolutionConfigurationPlatforms) = preSolution
		Debug|Any CPU = Debug|Any CPU
		Release|Any CPU = Release|Any CPU
	EndGlobalSection
	GlobalSection(ProjectConfigurationPlatforms) = postSolution
		{B5381E73-1CD6-478D-A177-0B59C905A0F5}.Debug|Any CPU.ActiveCfg = Debug|Any CPU
		{B5381E73-1CD6-478D-A177-0B59C905A0F5}.Debug|Any CPU.Build.0 = Debug|Any CPU
		{B5381E73-1CD6-478D-A177-0B59C905A0F5}.Release|Any CPU.ActiveCfg = Release|Any CPU
		{B5381E73-1CD6-478D-A177-0B59C905A0F5}.Release|Any CPU.Build.0 = Release|Any CPU
		{1C8CBC1A-6649-4434-9BC3-F7B54666562C}.Debug|Any CPU.ActiveCfg = Debug|Any CPU
		{1C8CBC1A-6649-4434-9BC3-F7B54666562C}.Debug|Any CPU.Build.0 = Debug|Any CPU
		{1C8CBC1A-6649-4434-9BC3-F7B54666562C}.Release|Any CPU.ActiveCfg = Release|Any CPU
		{1C8CBC1A-6649-4434-9BC3-F7B54666562C}.Release|Any CPU.Build.0 = Release|Any CPU
		{FF690D75-8F95-4AE9-8DF9-E8EE67F9E75D}.Debug|Any CPU.ActiveCfg = Debug|Any CPU
		{FF690D75-8F95-4AE9-8DF9-E8EE67F9E75D}.Debug|Any CPU.Build.0 = Debug|Any CPU
		{FF690D75-8F95-4AE9-8DF9-E8EE67F9E75D}.Release|Any CPU.ActiveCfg = Release|Any CPU
		{FF690D75-8F95-4AE9-8DF9-E8EE67F9E75D}.Release|Any CPU.Build.0 = Release|Any CPU
		{148A7C8F-06BA-4693-9D7F-7914BDA64CA7}.Debug|Any CPU.ActiveCfg = Debug|Any CPU
		{148A7C8F-06BA-4693-9D7F-7914BDA64CA7}.Debug|Any CPU.Build.0 = Debug|Any CPU
		{148A7C8F-06BA-4693-9D7F-7914BDA64CA7}.Release|Any CPU.ActiveCfg = Release|Any CPU
		{148A7C8F-06BA-4693-9D7F-7914BDA64CA7}.Release|Any CPU.Build.0 = Release|Any CPU
	EndGlobalSection
	GlobalSection(SolutionProperties) = preSolution
		HideSolutionNode = FALSE
	EndGlobalSection
	GlobalSection(ExtensibilityGlobals) = postSolution
		SolutionGuid = {E4A3F571-06CD-4738-8282-13F92245981B}
	EndGlobalSection
EndGlobal
